
Microsoft Visual Studio Solution File, Format Version 12.00
# Visual Studio Version 17
VisualStudioVersion = 17.0.31423.177
MinimumVisualStudioVersion = 10.0.40219.1
Project("{9A19103F-16F7-4668-BE54-9A1E7A4F7556}") = "CovidStat.API", "CovidStat.API\CovidStat.API.csproj", "{0CCA1BBC-3A99-4989-82F7-86DA410968A2}"
EndProject
Project("{FAE04EC0-301F-11D3-BF4B-00C04F79EFBC}") = "CovidStat.Main", "CovidStat.Main\CovidStat.Main.csproj", "{9A8442C7-C47B-4C30-AC1E-C1C56BF5847C}"
EndProject
Global
	GlobalSection(SolutionConfigurationPlatforms) = preSolution
		Debug|Any CPU = Debug|Any CPU
		Release|Any CPU = Release|Any CPU
	EndGlobalSection
	GlobalSection(ProjectConfigurationPlatforms) = postSolution
		{0CCA1BBC-3A99-4989-82F7-86DA410968A2}.Debug|Any CPU.ActiveCfg = Debug|Any CPU
		{0CCA1BBC-3A99-4989-82F7-86DA410968A2}.Debug|Any CPU.Build.0 = Debug|Any CPU
		{0CCA1BBC-3A99-4989-82F7-86DA410968A2}.Release|Any CPU.ActiveCfg = Release|Any CPU
		{0CCA1BBC-3A99-4989-82F7-86DA410968A2}.Release|Any CPU.Build.0 = Release|Any CPU
		{9A8442C7-C47B-4C30-AC1E-C1C56BF5847C}.Debug|Any CPU.ActiveCfg = Debug|Any CPU
		{9A8442C7-C47B-4C30-AC1E-C1C56BF5847C}.Debug|Any CPU.Build.0 = Debug|Any CPU
		{9A8442C7-C47B-4C30-AC1E-C1C56BF5847C}.Release|Any CPU.ActiveCfg = Release|Any CPU
		{9A8442C7-C47B-4C30-AC1E-C1C56BF5847C}.Release|Any CPU.Build.0 = Release|Any CPU
	EndGlobalSection
	GlobalSection(SolutionProperties) = preSolution
		HideSolutionNode = FALSE
	EndGlobalSection
	GlobalSection(ExtensibilityGlobals) = postSolution
		SolutionGuid = {7C117F90-84D9-4B60-992F-9856BAF152C1}
	EndGlobalSection
EndGlobal
